
Microsoft Visual Studio Solution File, Format Version 12.00
# Visual Studio Version 17
VisualStudioVersion = 17.2.32616.157
MinimumVisualStudioVersion = 10.0.40219.1
Project("{FAE04EC0-301F-11D3-BF4B-00C04F79EFBC}") = "API", "API\API.csproj", "{46BBB16E-4B1F-4FA6-AF42-5DA9E74D1CC3}"
EndProject
Project("{FAE04EC0-301F-11D3-BF4B-00C04F79EFBC}") = "ENTITY", "ENTITY\ENTITY.csproj", "{56D9EBA8-290E-46EC-82B0-499919297A6B}"
EndProject
Project("{FAE04EC0-301F-11D3-BF4B-00C04F79EFBC}") = "REPOSITORY", "REPOSITORY\REPOSITORY.csproj", "{4AEAC4A3-4F99-4BE5-9B2C-E79420E79AC4}"
EndProject
Project("{FAE04EC0-301F-11D3-BF4B-00C04F79EFBC}") = "SERVICE", "SERVICE\SERVICE.csproj", "{DAC5D5A3-EDB0-40F2-85F2-89093E4690E0}"
EndProject
Project("{FAE04EC0-301F-11D3-BF4B-00C04F79EFBC}") = "TRANSVERSAL", "TRANSVERSAL\TRANSVERSAL.csproj", "{294B918D-0410-43AF-88B0-E3B367CCA7BB}"
EndProject
Project("{FAE04EC0-301F-11D3-BF4B-00C04F79EFBC}") = "PERSISTENCE", "PERSISTENCE\PERSISTENCE.csproj", "{352A2E7E-091A-4621-ABF1-575D636A91C6}"
EndProject
Global
	GlobalSection(SolutionConfigurationPlatforms) = preSolution
		Debug|Any CPU = Debug|Any CPU
		Release|Any CPU = Release|Any CPU
	EndGlobalSection
	GlobalSection(ProjectConfigurationPlatforms) = postSolution
		{46BBB16E-4B1F-4FA6-AF42-5DA9E74D1CC3}.Debug|Any CPU.ActiveCfg = Debug|Any CPU
		{46BBB16E-4B1F-4FA6-AF42-5DA9E74D1CC3}.Debug|Any CPU.Build.0 = Debug|Any CPU
		{46BBB16E-4B1F-4FA6-AF42-5DA9E74D1CC3}.Release|Any CPU.ActiveCfg = Release|Any CPU
		{46BBB16E-4B1F-4FA6-AF42-5DA9E74D1CC3}.Release|Any CPU.Build.0 = Release|Any CPU
		{56D9EBA8-290E-46EC-82B0-499919297A6B}.Debug|Any CPU.ActiveCfg = Debug|Any CPU
		{56D9EBA8-290E-46EC-82B0-499919297A6B}.Debug|Any CPU.Build.0 = Debug|Any CPU
		{56D9EBA8-290E-46EC-82B0-499919297A6B}.Release|Any CPU.ActiveCfg = Release|Any CPU
		{56D9EBA8-290E-46EC-82B0-499919297A6B}.Release|Any CPU.Build.0 = Release|Any CPU
		{4AEAC4A3-4F99-4BE5-9B2C-E79420E79AC4}.Debug|Any CPU.ActiveCfg = Debug|Any CPU
		{4AEAC4A3-4F99-4BE5-9B2C-E79420E79AC4}.Debug|Any CPU.Build.0 = Debug|Any CPU
		{4AEAC4A3-4F99-4BE5-9B2C-E79420E79AC4}.Release|Any CPU.ActiveCfg = Release|Any CPU
		{4AEAC4A3-4F99-4BE5-9B2C-E79420E79AC4}.Release|Any CPU.Build.0 = Release|Any CPU
		{DAC5D5A3-EDB0-40F2-85F2-89093E4690E0}.Debug|Any CPU.ActiveCfg = Debug|Any CPU
		{DAC5D5A3-EDB0-40F2-85F2-89093E4690E0}.Debug|Any CPU.Build.0 = Debug|Any CPU
		{DAC5D5A3-EDB0-40F2-85F2-89093E4690E0}.Release|Any CPU.ActiveCfg = Release|Any CPU
		{DAC5D5A3-EDB0-40F2-85F2-89093E4690E0}.Release|Any CPU.Build.0 = Release|Any CPU
		{294B918D-0410-43AF-88B0-E3B367CCA7BB}.Debug|Any CPU.ActiveCfg = Debug|Any CPU
		{294B918D-0410-43AF-88B0-E3B367CCA7BB}.Debug|Any CPU.Build.0 = Debug|Any CPU
		{294B918D-0410-43AF-88B0-E3B367CCA7BB}.Release|Any CPU.ActiveCfg = Release|Any CPU
		{294B918D-0410-43AF-88B0-E3B367CCA7BB}.Release|Any CPU.Build.0 = Release|Any CPU
		{352A2E7E-091A-4621-ABF1-575D636A91C6}.Debug|Any CPU.ActiveCfg = Debug|Any CPU
		{352A2E7E-091A-4621-ABF1-575D636A91C6}.Debug|Any CPU.Build.0 = Debug|Any CPU
		{352A2E7E-091A-4621-ABF1-575D636A91C6}.Release|Any CPU.ActiveCfg = Release|Any CPU
		{352A2E7E-091A-4621-ABF1-575D636A91C6}.Release|Any CPU.Build.0 = Release|Any CPU
	EndGlobalSection
	GlobalSection(SolutionProperties) = preSolution
		HideSolutionNode = FALSE
	EndGlobalSection
	GlobalSection(ExtensibilityGlobals) = postSolution
		SolutionGuid = {F3319C3A-C4B0-40FF-8D5B-C3B48D5CFB45}
	EndGlobalSection
EndGlobal
